// !$*UTF8*$!
{
	archiveVersion = 1;
	classes = {
	};
	objectVersion = 56;
	objects = {

/* Begin PBXBuildFile section */
		C87ACDAB298FC88000BEAC97 /* AppDelegate.swift in Sources */ = {isa = PBXBuildFile; fileRef = C87ACDAA298FC88000BEAC97 /* AppDelegate.swift */; };
		C87ACDAD298FC88000BEAC97 /* SceneDelegate.swift in Sources */ = {isa = PBXBuildFile; fileRef = C87ACDAC298FC88000BEAC97 /* SceneDelegate.swift */; };
		C87ACDAF298FC88000BEAC97 /* ViewController.swift in Sources */ = {isa = PBXBuildFile; fileRef = C87ACDAE298FC88000BEAC97 /* ViewController.swift */; };
		C87ACDB2298FC88000BEAC97 /* Main.storyboard in Resources */ = {isa = PBXBuildFile; fileRef = C87ACDB0298FC88000BEAC97 /* Main.storyboard */; };
		C87ACDB4298FC88100BEAC97 /* Assets.xcassets in Resources */ = {isa = PBXBuildFile; fileRef = C87ACDB3298FC88100BEAC97 /* Assets.xcassets */; };
		C87ACDB7298FC88100BEAC97 /* LaunchScreen.storyboard in Resources */ = {isa = PBXBuildFile; fileRef = C87ACDB5298FC88100BEAC97 /* LaunchScreen.storyboard */; };
		C8B4F7BD2990ADC00029A9B0 /* Rps.swift in Sources */ = {isa = PBXBuildFile; fileRef = C8B4F7BC2990ADC00029A9B0 /* Rps.swift */; };
/* End PBXBuildFile section */

/* Begin PBXFileReference section */
		C87ACDA7298FC88000BEAC97 /* RPSgame.app */ = {isa = PBXFileReference; explicitFileType = wrapper.application; includeInIndex = 0; path = RPSgame.app; sourceTree = BUILT_PRODUCTS_DIR; };
		C87ACDAA298FC88000BEAC97 /* AppDelegate.swift */ = {isa = PBXFileReference; lastKnownFileType = sourcecode.swift; path = AppDelegate.swift; sourceTree = "<group>"; };
		C87ACDAC298FC88000BEAC97 /* SceneDelegate.swift */ = {isa = PBXFileReference; lastKnownFileType = sourcecode.swift; path = SceneDelegate.swift; sourceTree = "<group>"; };
		C87ACDAE298FC88000BEAC97 /* ViewController.swift */ = {isa = PBXFileReference; lastKnownFileType = sourcecode.swift; path = ViewController.swift; sourceTree = "<group>"; };
		C87ACDB1298FC88000BEAC97 /* Base */ = {isa = PBXFileReference; lastKnownFileType = file.storyboard; name = Base; path = Base.lproj/Main.storyboard; sourceTree = "<group>"; };
		C87ACDB3298FC88100BEAC97 /* Assets.xcassets */ = {isa = PBXFileReference; lastKnownFileType = folder.assetcatalog; path = Assets.xcassets; sourceTree = "<group>"; };
		C87ACDB6298FC88100BEAC97 /* Base */ = {isa = PBXFileReference; lastKnownFileType = file.storyboard; name = Base; path = Base.lproj/LaunchScreen.storyboard; sourceTree = "<group>"; };
		C87ACDB8298FC88100BEAC97 /* Info.plist */ = {isa = PBXFileReference; lastKnownFileType = text.plist.xml; path = Info.plist; sourceTree = "<group>"; };
		C8B4F7BC2990ADC00029A9B0 /* Rps.swift */ = {isa = PBXFileReference; lastKnownFileType = sourcecode.swift; path = Rps.swift; sourceTree = "<group>"; };
/* End PBXFileReference section */

/* Begin PBXFrameworksBuildPhase section */
		C87ACDA4298FC88000BEAC97 /* Frameworks */ = {
			isa = PBXFrameworksBuildPhase;
			buildActionMask = 2147483647;
			files = (
			);
			runOnlyForDeploymentPostprocessing = 0;
		};
/* End PBXFrameworksBuildPhase section */

/* Begin PBXGroup section */
		C87ACD9E298FC88000BEAC97 = {
			isa = PBXGroup;
			children = (
				C87ACDA9298FC88000BEAC97 /* RPSgame */,
				C87ACDA8298FC88000BEAC97 /* Products */,
			);
			sourceTree = "<group>";
		};
		C87ACDA8298FC88000BEAC97 /* Products */ = {
			isa = PBXGroup;
			children = (
				C87ACDA7298FC88000BEAC97 /* RPSgame.app */,
			);
			name = Products;
			sourceTree = "<group>";
		};
		C87ACDA9298FC88000BEAC97 /* RPSgame */ = {
			isa = PBXGroup;
			children = (
				C87ACDAA298FC88000BEAC97 /* AppDelegate.swift */,
				C87ACDAC298FC88000BEAC97 /* SceneDelegate.swift */,
				C87ACDAE298FC88000BEAC97 /* ViewController.swift */,
				C87ACDB0298FC88000BEAC97 /* Main.storyboard */,
				C87ACDB3298FC88100BEAC97 /* Assets.xcassets */,
				C87ACDB5298FC88100BEAC97 /* LaunchScreen.storyboard */,
				C87ACDB8298FC88100BEAC97 /* Info.plist */,
				C8B4F7BC2990ADC00029A9B0 /* Rps.swift */,
			);
			path = RPSgame;
			sourceTree = "<group>";
		};
/* End PBXGroup section */

/* Begin PBXNativeTarget section */
		C87ACDA6298FC88000BEAC97 /* RPSgame */ = {
			isa = PBXNativeTarget;
			buildConfigurationList = C87ACDBB298FC88100BEAC97 /* Build configuration list for PBXNativeTarget "RPSgame" */;
			buildPhases = (
				C87ACDA3298FC88000BEAC97 /* Sources */,
				C87ACDA4298FC88000BEAC97 /* Frameworks */,
				C87ACDA5298FC88000BEAC97 /* Resources */,
			);
			buildRules = (
			);
			dependencies = (
			);
			name = RPSgame;
			productName = RPSgame;
			productReference = C87ACDA7298FC88000BEAC97 /* RPSgame.app */;
			productType = "com.apple.product-type.application";
		};
/* End PBXNativeTarget section */

/* Begin PBXProject section */
		C87ACD9F298FC88000BEAC97 /* Project object */ = {
			isa = PBXProject;
			attributes = {
				BuildIndependentTargetsInParallel = 1;
				LastSwiftUpdateCheck = 1420;
				LastUpgradeCheck = 1420;
				TargetAttributes = {
					C87ACDA6298FC88000BEAC97 = {
						CreatedOnToolsVersion = 14.2;
					};
				};
			};
			buildConfigurationList = C87ACDA2298FC88000BEAC97 /* Build configuration list for PBXProject "RPSgame" */;
			compatibilityVersion = "Xcode 14.0";
			developmentRegion = en;
			hasScannedForEncodings = 0;
			knownRegions = (
				en,
				Base,
			);
			mainGroup = C87ACD9E298FC88000BEAC97;
			productRefGroup = C87ACDA8298FC88000BEAC97 /* Products */;
			projectDirPath = "";
			projectRoot = "";
			targets = (
				C87ACDA6298FC88000BEAC97 /* RPSgame */,
			);
		};
/* End PBXProject section */

/* Begin PBXResourcesBuildPhase section */
		C87ACDA5298FC88000BEAC97 /* Resources */ = {
			isa = PBXResourcesBuildPhase;
			buildActionMask = 2147483647;
			files = (
				C87ACDB7298FC88100BEAC97 /* LaunchScreen.storyboard in Resources */,
				C87ACDB4298FC88100BEAC97 /* Assets.xcassets in Resources */,
				C87ACDB2298FC88000BEAC97 /* Main.storyboard in Resources */,
			);
			runOnlyForDeploymentPostprocessing = 0;
		};
/* End PBXResourcesBuildPhase section */

/* Begin PBXSourcesBuildPhase section */
		C87ACDA3298FC88000BEAC97 /* Sources */ = {
			isa = PBXSourcesBuildPhase;
			buildActionMask = 2147483647;
			files = (
				C87ACDAF298FC88000BEAC97 /* ViewController.swift in Sources */,
				C8B4F7BD2990ADC00029A9B0 /* Rps.swift in Sources */,
				C87ACDAB298FC88000BEAC97 /* AppDelegate.swift in Sources */,
				C87ACDAD298FC88000BEAC97 /* SceneDelegate.swift in Sources */,
			);
			runOnlyForDeploymentPostprocessing = 0;
		};
/* End PBXSourcesBuildPhase section */

/* Begin PBXVariantGroup section */
		C87ACDB0298FC88000BEAC97 /* Main.storyboard */ = {
			isa = PBXVariantGroup;
			children = (
				C87ACDB1298FC88000BEAC97 /* Base */,
			);
			name = Main.storyboard;
			sourceTree = "<group>";
		};
		C87ACDB5298FC88100BEAC97 /* LaunchScreen.storyboard */ = {
			isa = PBXVariantGroup;
			children = (
				C87ACDB6298FC88100BEAC97 /* Base */,
			);
			name = LaunchScreen.storyboard;
			sourceTree = "<group>";
		};
/* End PBXVariantGroup section */

/* Begin XCBuildConfiguration section */
		C87ACDB9298FC88100BEAC97 /* Debug */ = {
			isa = XCBuildConfiguration;
			buildSettings = {
				ALWAYS_SEARCH_USER_PATHS = NO;
				CLANG_ANALYZER_NONNULL = YES;
				CLANG_ANALYZER_NUMBER_OBJECT_CONVERSION = YES_AGGRESSIVE;
				CLANG_CXX_LANGUAGE_STANDARD = "gnu++20";
				CLANG_ENABLE_MODULES = YES;
				CLANG_ENABLE_OBJC_ARC = YES;
				CLANG_ENABLE_OBJC_WEAK = YES;
				CLANG_WARN_BLOCK_CAPTURE_AUTORELEASING = YES;
				CLANG_WARN_BOOL_CONVERSION = YES;
				CLANG_WARN_COMMA = YES;
				CLANG_WARN_CONSTANT_CONVERSION = YES;
				CLANG_WARN_DEPRECATED_OBJC_IMPLEMENTATIONS = YES;
				CLANG_WARN_DIRECT_OBJC_ISA_USAGE = YES_ERROR;
				CLANG_WARN_DOCUMENTATION_COMMENTS = YES;
				CLANG_WARN_EMPTY_BODY = YES;
				CLANG_WARN_ENUM_CONVERSION = YES;
				CLANG_WARN_INFINITE_RECURSION = YES;
				CLANG_WARN_INT_CONVERSION = YES;
				CLANG_WARN_NON_LITERAL_NULL_CONVERSION = YES;
				CLANG_WARN_OBJC_IMPLICIT_RETAIN_SELF = YES;
				CLANG_WARN_OBJC_LITERAL_CONVERSION = YES;
				CLANG_WARN_OBJC_ROOT_CLASS = YES_ERROR;
				CLANG_WARN_QUOTED_INCLUDE_IN_FRAMEWORK_HEADER = YES;
				CLANG_WARN_RANGE_LOOP_ANALYSIS = YES;
				CLANG_WARN_STRICT_PROTOTYPES = YES;
				CLANG_WARN_SUSPICIOUS_MOVE = YES;
				CLANG_WARN_UNGUARDED_AVAILABILITY = YES_AGGRESSIVE;
				CLANG_WARN_UNREACHABLE_CODE = YES;
				CLANG_WARN__DUPLICATE_METHOD_MATCH = YES;
				COPY_PHASE_STRIP = NO;
				DEBUG_INFORMATION_FORMAT = dwarf;
				ENABLE_STRICT_OBJC_MSGSEND = YES;
				ENABLE_TESTABILITY = YES;
				GCC_C_LANGUAGE_STANDARD = gnu11;
				GCC_DYNAMIC_NO_PIC = NO;
				GCC_NO_COMMON_BLOCKS = YES;
				GCC_OPTIMIZATION_LEVEL = 0;
				GCC_PREPROCESSOR_DEFINITIONS = (
					"DEBUG=1",
					"$(inherited)",
				);
				GCC_WARN_64_TO_32_BIT_CONVERSION = YES;
				GCC_WARN_ABOUT_RETURN_TYPE = YES_ERROR;
				GCC_WARN_UNDECLARED_SELECTOR = YES;
				GCC_WARN_UNINITIALIZED_AUTOS = YES_AGGRESSIVE;
				GCC_WARN_UNUSED_FUNCTION = YES;
				GCC_WARN_UNUSED_VARIABLE = YES;
				IPHONEOS_DEPLOYMENT_TARGET = 16.2;
				MTL_ENABLE_DEBUG_INFO = INCLUDE_SOURCE;
				MTL_FAST_MATH = YES;
				ONLY_ACTIVE_ARCH = YES;
				SDKROOT = iphoneos;
				SWIFT_ACTIVE_COMPILATION_CONDITIONS = DEBUG;
				SWIFT_OPTIMIZATION_LEVEL = "-Onone";
			};
			name = Debug;
		};
		C87ACDBA298FC88100BEAC97 /* Release */ = {
			isa = XCBuildConfiguration;
			buildSettings = {
				ALWAYS_SEARCH_USER_PATHS = NO;
				CLANG_ANALYZER_NONNULL = YES;
				CLANG_ANALYZER_NUMBER_OBJECT_CONVERSION = YES_AGGRESSIVE;
				CLANG_CXX_LANGUAGE_STANDARD = "gnu++20";
				CLANG_ENABLE_MODULES = YES;
				CLANG_ENABLE_OBJC_ARC = YES;
				CLANG_ENABLE_OBJC_WEAK = YES;
				CLANG_WARN_BLOCK_CAPTURE_AUTORELEASING = YES;
				CLANG_WARN_BOOL_CONVERSION = YES;
				CLANG_WARN_COMMA = YES;
				CLANG_WARN_CONSTANT_CONVERSION = YES;
				CLANG_WARN_DEPRECATED_OBJC_IMPLEMENTATIONS = YES;
				CLANG_WARN_DIRECT_OBJC_ISA_USAGE = YES_ERROR;
				CLANG_WARN_DOCUMENTATION_COMMENTS = YES;
				CLANG_WARN_EMPTY_BODY = YES;
				CLANG_WARN_ENUM_CONVERSION = YES;
				CLANG_WARN_INFINITE_RECURSION = YES;
				CLANG_WARN_INT_CONVERSION = YES;
				CLANG_WARN_NON_LITERAL_NULL_CONVERSION = YES;
				CLANG_WARN_OBJC_IMPLICIT_RETAIN_SELF = YES;
				CLANG_WARN_OBJC_LITERAL_CONVERSION = YES;
				CLANG_WARN_OBJC_ROOT_CLASS = YES_ERROR;
				CLANG_WARN_QUOTED_INCLUDE_IN_FRAMEWORK_HEADER = YES;
				CLANG_WARN_RANGE_LOOP_ANALYSIS = YES;
				CLANG_WARN_STRICT_PROTOTYPES = YES;
				CLANG_WARN_SUSPICIOUS_MOVE = YES;
				CLANG_WARN_UNGUARDED_AVAILABILITY = YES_AGGRESSIVE;
				CLANG_WARN_UNREACHABLE_CODE = YES;
				CLANG_WARN__DUPLICATE_METHOD_MATCH = YES;
				COPY_PHASE_STRIP = NO;
				DEBUG_INFORMATION_FORMAT = "dwarf-with-dsym";
				ENABLE_NS_ASSERTIONS = NO;
				ENABLE_STRICT_OBJC_MSGSEND = YES;
				GCC_C_LANGUAGE_STANDARD = gnu11;
				GCC_NO_COMMON_BLOCKS = YES;
				GCC_WARN_64_TO_32_BIT_CONVERSION = YES;
				GCC_WARN_ABOUT_RETURN_TYPE = YES_ERROR;
				GCC_WARN_UNDECLARED_SELECTOR = YES;
				GCC_WARN_UNINITIALIZED_AUTOS = YES_AGGRESSIVE;
				GCC_WARN_UNUSED_FUNCTION = YES;
				GCC_WARN_UNUSED_VARIABLE = YES;
				IPHONEOS_DEPLOYMENT_TARGET = 16.2;
				MTL_ENABLE_DEBUG_INFO = NO;
				MTL_FAST_MATH = YES;
				SDKROOT = iphoneos;
				SWIFT_COMPILATION_MODE = wholemodule;
				SWIFT_OPTIMIZATION_LEVEL = "-O";
				VALIDATE_PRODUCT = YES;
			};
			name = Release;
		};
		C87ACDBC298FC88100BEAC97 /* Debug */ = {
			isa = XCBuildConfiguration;
			buildSettings = {
				ASSETCATALOG_COMPILER_APPICON_NAME = AppIcon;
				ASSETCATALOG_COMPILER_GLOBAL_ACCENT_COLOR_NAME = AccentColor;
				CODE_SIGN_STYLE = Automatic;
				CURRENT_PROJECT_VERSION = 1;
				GENERATE_INFOPLIST_FILE = YES;
				INFOPLIST_FILE = RPSgame/Info.plist;
				INFOPLIST_KEY_UIApplicationSupportsIndirectInputEvents = YES;
				INFOPLIST_KEY_UILaunchStoryboardName = LaunchScreen;
				INFOPLIST_KEY_UIMainStoryboardFile = Main;
				INFOPLIST_KEY_UISupportedInterfaceOrientations_iPad = "UIInterfaceOrientationPortrait UIInterfaceOrientationPortraitUpsideDown UIInterfaceOrientationLandscapeLeft UIInterfaceOrientationLandscapeRight";
				INFOPLIST_KEY_UISupportedInterfaceOrientations_iPhone = "UIInterfaceOrientationPortrait UIInterfaceOrientationLandscapeLeft UIInterfaceOrientationLandscapeRight";
				LD_RUNPATH_SEARCH_PATHS = (
					"$(inherited)",
					"@executable_path/Frameworks",
				);
				MARKETING_VERSION = 1.0;
				PRODUCT_BUNDLE_IDENTIFIER = com.Sierra.RPSgame;
				PRODUCT_NAME = "$(TARGET_NAME)";
				SUPPORTED_PLATFORMS = "iphoneos iphonesimulator";
				SUPPORTS_MACCATALYST = NO;
				SUPPORTS_MAC_DESIGNED_FOR_IPHONE_IPAD = NO;
				SWIFT_EMIT_LOC_STRINGS = YES;
				SWIFT_VERSION = 5.0;
				TARGETED_DEVICE_FAMILY = 1;
			};
			name = Debug;
		};
		C87ACDBD298FC88100BEAC97 /* Release */ = {
			isa = XCBuildConfiguration;
			buildSettings = {
				ASSETCATALOG_COMPILER_APPICON_NAME = AppIcon;
				ASSETCATALOG_COMPILER_GLOBAL_ACCENT_COLOR_NAME = AccentColor;
				CODE_SIGN_STYLE = Automatic;
				CURRENT_PROJECT_VERSION = 1;
				GENERATE_INFOPLIST_FILE = YES;
				INFOPLIST_FILE = RPSgame/Info.plist;
				INFOPLIST_KEY_UIApplicationSupportsIndirectInputEvents = YES;
				INFOPLIST_KEY_UILaunchStoryboardName = LaunchScreen;
				INFOPLIST_KEY_UIMainStoryboardFile = Main;
				INFOPLIST_KEY_UISupportedInterfaceOrientations_iPad = "UIInterfaceOrientationPortrait UIInterfaceOrientationPortraitUpsideDown UIInterfaceOrientationLandscapeLeft UIInterfaceOrientationLandscapeRight";
				INFOPLIST_KEY_UISupportedInterfaceOrientations_iPhone = "UIInterfaceOrientationPortrait UIInterfaceOrientationLandscapeLeft UIInterfaceOrientationLandscapeRight";
				LD_RUNPATH_SEARCH_PATHS = (
					"$(inherited)",
					"@executable_path/Frameworks",
				);
				MARKETING_VERSION = 1.0;
				PRODUCT_BUNDLE_IDENTIFIER = com.Sierra.RPSgame;
				PRODUCT_NAME = "$(TARGET_NAME)";
				SUPPORTED_PLATFORMS = "iphoneos iphonesimulator";
				SUPPORTS_MACCATALYST = NO;
				SUPPORTS_MAC_DESIGNED_FOR_IPHONE_IPAD = NO;
				SWIFT_EMIT_LOC_STRINGS = YES;
				SWIFT_VERSION = 5.0;
				TARGETED_DEVICE_FAMILY = 1;
			};
			name = Release;
		};
/* End XCBuildConfiguration section */

/* Begin XCConfigurationList section */
		C87ACDA2298FC88000BEAC97 /* Build configuration list for PBXProject "RPSgame" */ = {
			isa = XCConfigurationList;
			buildConfigurations = (
				C87ACDB9298FC88100BEAC97 /* Debug */,
				C87ACDBA298FC88100BEAC97 /* Release */,
			);
			defaultConfigurationIsVisible = 0;
			defaultConfigurationName = Release;
		};
		C87ACDBB298FC88100BEAC97 /* Build configuration list for PBXNativeTarget "RPSgame" */ = {
			isa = XCConfigurationList;
			buildConfigurations = (
				C87ACDBC298FC88100BEAC97 /* Debug */,
				C87ACDBD298FC88100BEAC97 /* Release */,
			);
			defaultConfigurationIsVisible = 0;
			defaultConfigurationName = Release;
		};
/* End XCConfigurationList section */
	};
	rootObject = C87ACD9F298FC88000BEAC97 /* Project object */;
}
